
Microsoft Visual Studio Solution File, Format Version 12.00
# Visual Studio Version 17
VisualStudioVersion = 17.8.34316.72
MinimumVisualStudioVersion = 10.0.40219.1
Project("{9A19103F-16F7-4668-BE54-9A1E7A4F7556}") = "Lantor.Server", "Lantor.Server\Lantor.Server.csproj", "{82FD6D14-FF2A-4A96-BE4E-89E0CBCA2F61}"
EndProject
Project("{54A90642-561A-4BB1-A94E-469ADEE60C69}") = "lantor.client", "lantor.client\lantor.client.esproj", "{5D7DB113-684F-4ED3-AA9A-1700149CC714}"
EndProject
Project("{9A19103F-16F7-4668-BE54-9A1E7A4F7556}") = "Lantor.DomainModel", "Lantor.DomainModel\Lantor.DomainModel.csproj", "{60EAC5BC-F51E-4E6A-A93C-82C101E4DDF9}"
EndProject
Project("{9A19103F-16F7-4668-BE54-9A1E7A4F7556}") = "Lantor.Data", "Lantor.Data\Lantor.Data.csproj", "{2C819BEF-C808-461D-86D2-47117CC7DF5C}"
EndProject
Project("{9A19103F-16F7-4668-BE54-9A1E7A4F7556}") = "Lantor.DomainModel.UnitTest", "Lantor.DomainModel.UnitTest\Lantor.DomainModel.UnitTest.csproj", "{7583D1BB-0CA4-4B58-AEA4-5989836FBDB0}"
EndProject
Project("{2150E333-8FDC-42A3-9474-1A3956D46DE8}") = "Root", "Root", "{F51BB348-7C07-43AA-8B79-06B5467E1092}"
	ProjectSection(SolutionItems) = preProject
		README.md = README.md
	EndProjectSection
EndProject
Global
	GlobalSection(SolutionConfigurationPlatforms) = preSolution
		Debug|Any CPU = Debug|Any CPU
		Release|Any CPU = Release|Any CPU
	EndGlobalSection
	GlobalSection(ProjectConfigurationPlatforms) = postSolution
		{82FD6D14-FF2A-4A96-BE4E-89E0CBCA2F61}.Debug|Any CPU.ActiveCfg = Debug|Any CPU
		{82FD6D14-FF2A-4A96-BE4E-89E0CBCA2F61}.Debug|Any CPU.Build.0 = Debug|Any CPU
		{82FD6D14-FF2A-4A96-BE4E-89E0CBCA2F61}.Release|Any CPU.ActiveCfg = Release|Any CPU
		{82FD6D14-FF2A-4A96-BE4E-89E0CBCA2F61}.Release|Any CPU.Build.0 = Release|Any CPU
		{5D7DB113-684F-4ED3-AA9A-1700149CC714}.Debug|Any CPU.ActiveCfg = Debug|Any CPU
		{5D7DB113-684F-4ED3-AA9A-1700149CC714}.Debug|Any CPU.Build.0 = Debug|Any CPU
		{5D7DB113-684F-4ED3-AA9A-1700149CC714}.Debug|Any CPU.Deploy.0 = Debug|Any CPU
		{5D7DB113-684F-4ED3-AA9A-1700149CC714}.Release|Any CPU.ActiveCfg = Release|Any CPU
		{5D7DB113-684F-4ED3-AA9A-1700149CC714}.Release|Any CPU.Build.0 = Release|Any CPU
		{5D7DB113-684F-4ED3-AA9A-1700149CC714}.Release|Any CPU.Deploy.0 = Release|Any CPU
		{60EAC5BC-F51E-4E6A-A93C-82C101E4DDF9}.Debug|Any CPU.ActiveCfg = Debug|Any CPU
		{60EAC5BC-F51E-4E6A-A93C-82C101E4DDF9}.Debug|Any CPU.Build.0 = Debug|Any CPU
		{60EAC5BC-F51E-4E6A-A93C-82C101E4DDF9}.Release|Any CPU.ActiveCfg = Release|Any CPU
		{60EAC5BC-F51E-4E6A-A93C-82C101E4DDF9}.Release|Any CPU.Build.0 = Release|Any CPU
		{2C819BEF-C808-461D-86D2-47117CC7DF5C}.Debug|Any CPU.ActiveCfg = Debug|Any CPU
		{2C819BEF-C808-461D-86D2-47117CC7DF5C}.Debug|Any CPU.Build.0 = Debug|Any CPU
		{2C819BEF-C808-461D-86D2-47117CC7DF5C}.Release|Any CPU.ActiveCfg = Release|Any CPU
		{2C819BEF-C808-461D-86D2-47117CC7DF5C}.Release|Any CPU.Build.0 = Release|Any CPU
		{7583D1BB-0CA4-4B58-AEA4-5989836FBDB0}.Debug|Any CPU.ActiveCfg = Debug|Any CPU
		{7583D1BB-0CA4-4B58-AEA4-5989836FBDB0}.Debug|Any CPU.Build.0 = Debug|Any CPU
		{7583D1BB-0CA4-4B58-AEA4-5989836FBDB0}.Release|Any CPU.ActiveCfg = Release|Any CPU
		{7583D1BB-0CA4-4B58-AEA4-5989836FBDB0}.Release|Any CPU.Build.0 = Release|Any CPU
	EndGlobalSection
	GlobalSection(SolutionProperties) = preSolution
		HideSolutionNode = FALSE
	EndGlobalSection
	GlobalSection(ExtensibilityGlobals) = postSolution
		SolutionGuid = {FB63C79E-9F1E-4A55-A52E-13EC6DC7B7EC}
	EndGlobalSection
EndGlobal
